
Microsoft Visual Studio Solution File, Format Version 12.00
# Visual Studio Version 17
VisualStudioVersion = 17.2.32526.322
MinimumVisualStudioVersion = 10.0.40219.1
Project("{FAE04EC0-301F-11D3-BF4B-00C04F79EFBC}") = "MotorBikeShop", "MotorBikeShop\MotorBikeShop.csproj", "{9BEE7753-7EE6-4F62-A972-DF2FA3D31D49}"
EndProject
Global
	GlobalSection(SolutionConfigurationPlatforms) = preSolution
		Debug|Any CPU = Debug|Any CPU
		Release|Any CPU = Release|Any CPU
	EndGlobalSection
	GlobalSection(ProjectConfigurationPlatforms) = postSolution
		{9BEE7753-7EE6-4F62-A972-DF2FA3D31D49}.Debug|Any CPU.ActiveCfg = Debug|Any CPU
		{9BEE7753-7EE6-4F62-A972-DF2FA3D31D49}.Debug|Any CPU.Build.0 = Debug|Any CPU
		{9BEE7753-7EE6-4F62-A972-DF2FA3D31D49}.Release|Any CPU.ActiveCfg = Release|Any CPU
		{9BEE7753-7EE6-4F62-A972-DF2FA3D31D49}.Release|Any CPU.Build.0 = Release|Any CPU
	EndGlobalSection
	GlobalSection(SolutionProperties) = preSolution
		HideSolutionNode = FALSE
	EndGlobalSection
	GlobalSection(ExtensibilityGlobals) = postSolution
		SolutionGuid = {DB980D18-A81D-4CC1-ACF9-BA627A17EDFD}
	EndGlobalSection
EndGlobal
